{
  "name": "vue-cli-plugin-tera",
  "version": "0.0.0",
  "lockfileVersion": 3,
  "requires": true,
  "packages": {
    "": {
      "name": "vue-cli-plugin-tera",
      "version": "0.0.0",
      "license": "MIT",
      "dependencies": {
        "@iebh/tera-fy": "file:../tera-fy"
      }
    },
    "../tera-fy": {
      "version": "1.7.4",
      "license": "mit",
      "dependencies": {
        "filesize": "^10.1.1",
        "http-proxy": "^1.18.1",
        "just-diff": "^6.0.2",
        "lodash-es": "^4.17.21",
        "mitt": "^3.0.1",
        "nanoid": "^5.0.2",
        "release-it": "^17.1.1"
      },
      "devDependencies": {
        "@momsfriendlydevco/eslint-config": "^1.0.7",
        "@release-it/conventional-changelog": "^8.0.1",
        "concurrently": "^8.2.2",
        "documentation": "^14.0.2",
        "esbuild": "^0.19.5"
      },
      "engines": {
        "node": ">=18"
      },
      "optionalDependencies": {
        "@iebh/reflib": "^2.2.2",
        "just-diff-apply": "^5.5.0",
        "vue": "^3.3.7"
      }
    },
    "node_modules/@iebh/tera-fy": {
      "resolved": "../tera-fy",
      "link": true
    }
  }
}
